{
    "version": 3,
    "terraform_version": "0.11.10",
    "serial": 3,
    "lineage": "8f6c9032-7cac-cf9c-7aa0-8a5d5b6fd04e",
    "modules": [
        {
            "path": [
                "root"
            ],
            "outputs": {},
            "resources": {
                "azurerm_network_interface.jenkins_network_interface": {
                    "type": "azurerm_network_interface",
                    "depends_on": [
                        "azurerm_network_security_group.jenkns_security_group",
                        "azurerm_public_ip.jenkins_public_ip",
                        "azurerm_resource_group.jenkins",
                        "azurerm_subnet.jenkins_subnet"
                    ],
                    "primary": {
                        "id": "/subscriptions/9a5069b3-65e5-439c-8d79-4a81d7d40588/resourceGroups/jenkins/providers/Microsoft.Network/networkInterfaces/jenkins_nic",
                        "attributes": {
                            "applied_dns_servers.#": "0",
                            "dns_servers.#": "0",
                            "enable_accelerated_networking": "false",
                            "enable_ip_forwarding": "false",
                            "id": "/subscriptions/9a5069b3-65e5-439c-8d79-4a81d7d40588/resourceGroups/jenkins/providers/Microsoft.Network/networkInterfaces/jenkins_nic",
                            "internal_dns_name_label": "",
                            "internal_fqdn": "",
                            "ip_configuration.#": "1",
                            "ip_configuration.0.application_gateway_backend_address_pools_ids.#": "0",
                            "ip_configuration.0.application_security_group_ids.#": "0",
                            "ip_configuration.0.load_balancer_backend_address_pools_ids.#": "0",
                            "ip_configuration.0.load_balancer_inbound_nat_rules_ids.#": "0",
                            "ip_configuration.0.name": "jenkins_ip_configuration",
                            "ip_configuration.0.primary": "true",
                            "ip_configuration.0.private_ip_address": "",
                            "ip_configuration.0.private_ip_address_allocation": "dynamic",
                            "ip_configuration.0.public_ip_address_id": "/subscriptions/9a5069b3-65e5-439c-8d79-4a81d7d40588/resourceGroups/jenkins/providers/Microsoft.Network/publicIPAddresses/jenkins_public_ip",
                            "ip_configuration.0.subnet_id": "/subscriptions/9a5069b3-65e5-439c-8d79-4a81d7d40588/resourceGroups/jenkins/providers/Microsoft.Network/virtualNetworks/jenkins_network/subnets/jenkins_subnet",
                            "location": "westindia",
                            "mac_address": "",
                            "name": "jenkins_nic",
                            "network_security_group_id": "/subscriptions/9a5069b3-65e5-439c-8d79-4a81d7d40588/resourceGroups/jenkins/providers/Microsoft.Network/networkSecurityGroups/jenkins_network_security",
                            "private_ip_address": "10.0.1.4",
                            "private_ip_addresses.#": "1",
                            "private_ip_addresses.0": "10.0.1.4",
                            "resource_group_name": "jenkins",
                            "tags.%": "1",
                            "tags.environment": "jenkins"
                        },
                        "meta": {},
                        "tainted": false
                    },
                    "deposed": [],
                    "provider": "provider.azurerm"
                },
                "azurerm_network_security_group.jenkns_security_group": {
                    "type": "azurerm_network_security_group",
                    "depends_on": [
                        "azurerm_resource_group.jenkins"
                    ],
                    "primary": {
                        "id": "/subscriptions/9a5069b3-65e5-439c-8d79-4a81d7d40588/resourceGroups/jenkins/providers/Microsoft.Network/networkSecurityGroups/jenkins_network_security",
                        "attributes": {
                            "id": "/subscriptions/9a5069b3-65e5-439c-8d79-4a81d7d40588/resourceGroups/jenkins/providers/Microsoft.Network/networkSecurityGroups/jenkins_network_security",
                            "location": "westindia",
                            "name": "jenkins_network_security",
                            "resource_group_name": "jenkins",
                            "security_rule.#": "1",
                            "security_rule.2090309246.access": "Allow",
                            "security_rule.2090309246.description": "",
                            "security_rule.2090309246.destination_address_prefix": "*",
                            "security_rule.2090309246.destination_address_prefixes.#": "0",
                            "security_rule.2090309246.destination_application_security_group_ids.#": "0",
                            "security_rule.2090309246.destination_port_range": "22",
                            "security_rule.2090309246.destination_port_ranges.#": "0",
                            "security_rule.2090309246.direction": "Inbound",
                            "security_rule.2090309246.name": "SSH",
                            "security_rule.2090309246.priority": "1001",
                            "security_rule.2090309246.protocol": "Tcp",
                            "security_rule.2090309246.source_address_prefix": "*",
                            "security_rule.2090309246.source_address_prefixes.#": "0",
                            "security_rule.2090309246.source_application_security_group_ids.#": "0",
                            "security_rule.2090309246.source_port_range": "*",
                            "security_rule.2090309246.source_port_ranges.#": "0",
                            "tags.%": "1",
                            "tags.environment": "jenkins"
                        },
                        "meta": {},
                        "tainted": false
                    },
                    "deposed": [],
                    "provider": "provider.azurerm"
                },
                "azurerm_public_ip.jenkins_public_ip": {
                    "type": "azurerm_public_ip",
                    "depends_on": [
                        "azurerm_resource_group.jenkins"
                    ],
                    "primary": {
                        "id": "/subscriptions/9a5069b3-65e5-439c-8d79-4a81d7d40588/resourceGroups/jenkins/providers/Microsoft.Network/publicIPAddresses/jenkins_public_ip",
                        "attributes": {
                            "id": "/subscriptions/9a5069b3-65e5-439c-8d79-4a81d7d40588/resourceGroups/jenkins/providers/Microsoft.Network/publicIPAddresses/jenkins_public_ip",
                            "idle_timeout_in_minutes": "4",
                            "ip_address": "",
                            "ip_version": "IPv4",
                            "location": "westindia",
                            "name": "jenkins_public_ip",
                            "public_ip_address_allocation": "Dynamic",
                            "resource_group_name": "jenkins",
                            "sku": "Basic",
                            "tags.%": "1",
                            "tags.environment": "jenkins",
                            "zones.#": "0"
                        },
                        "meta": {},
                        "tainted": false
                    },
                    "deposed": [],
                    "provider": "provider.azurerm"
                },
                "azurerm_resource_group.jenkins": {
                    "type": "azurerm_resource_group",
                    "depends_on": [],
                    "primary": {
                        "id": "/subscriptions/9a5069b3-65e5-439c-8d79-4a81d7d40588/resourceGroups/jenkins",
                        "attributes": {
                            "id": "/subscriptions/9a5069b3-65e5-439c-8d79-4a81d7d40588/resourceGroups/jenkins",
                            "location": "westindia",
                            "name": "jenkins",
                            "tags.%": "1",
                            "tags.environment": "jenkins"
                        },
                        "meta": {},
                        "tainted": false
                    },
                    "deposed": [],
                    "provider": "provider.azurerm"
                },
                "azurerm_storage_account.jenkins_storage": {
                    "type": "azurerm_storage_account",
                    "depends_on": [
                        "azurerm_resource_group.jenkins",
                        "random_id.randomId"
                    ],
                    "primary": {
                        "id": "/subscriptions/9a5069b3-65e5-439c-8d79-4a81d7d40588/resourceGroups/jenkins/providers/Microsoft.Storage/storageAccounts/diag5208835f41a890c4",
                        "attributes": {
                            "access_tier": "",
                            "account_encryption_source": "Microsoft.Storage",
                            "account_kind": "Storage",
                            "account_replication_type": "LRS",
                            "account_tier": "Standard",
                            "account_type": "Standard_LRS",
                            "enable_blob_encryption": "true",
                            "enable_file_encryption": "true",
                            "enable_https_traffic_only": "false",
                            "id": "/subscriptions/9a5069b3-65e5-439c-8d79-4a81d7d40588/resourceGroups/jenkins/providers/Microsoft.Storage/storageAccounts/diag5208835f41a890c4",
                            "identity.#": "0",
                            "location": "westindia",
                            "name": "diag5208835f41a890c4",
                            "network_rules.#": "0",
                            "primary_access_key": "u7cAzAVg51JptoEFfEXIoTWUPHqgUttj7NzC4g/XlVbNFpdQscSBfZOXi4U2owk6Kjm+p5ftxImBtldNQbH6NQ==",
                            "primary_blob_connection_string": "DefaultEndpointsProtocol=https;BlobEndpoint=https://diag5208835f41a890c4.blob.core.windows.net/;AccountName=diag5208835f41a890c4;AccountKey=u7cAzAVg51JptoEFfEXIoTWUPHqgUttj7NzC4g/XlVbNFpdQscSBfZOXi4U2owk6Kjm+p5ftxImBtldNQbH6NQ==",
                            "primary_blob_endpoint": "https://diag5208835f41a890c4.blob.core.windows.net/",
                            "primary_connection_string": "DefaultEndpointsProtocol=https;AccountName=diag5208835f41a890c4;AccountKey=u7cAzAVg51JptoEFfEXIoTWUPHqgUttj7NzC4g/XlVbNFpdQscSBfZOXi4U2owk6Kjm+p5ftxImBtldNQbH6NQ==;EndpointSuffix=core.windows.net",
                            "primary_file_endpoint": "https://diag5208835f41a890c4.file.core.windows.net/",
                            "primary_location": "westindia",
                            "primary_queue_endpoint": "https://diag5208835f41a890c4.queue.core.windows.net/",
                            "primary_table_endpoint": "https://diag5208835f41a890c4.table.core.windows.net/",
                            "resource_group_name": "jenkins",
                            "secondary_access_key": "e7ZNW/oFNDHZTZ3foGX8KrFOcOanEavqbvT1Ra9soRCB1pXXXFW5C9IWAK1nMs4oihNrCLiR+z849E0GNS8iGQ==",
                            "secondary_connection_string": "DefaultEndpointsProtocol=https;AccountName=diag5208835f41a890c4;AccountKey=e7ZNW/oFNDHZTZ3foGX8KrFOcOanEavqbvT1Ra9soRCB1pXXXFW5C9IWAK1nMs4oihNrCLiR+z849E0GNS8iGQ==;EndpointSuffix=core.windows.net",
                            "secondary_location": "",
                            "tags.%": "1",
                            "tags.environment": "jenkins"
                        },
                        "meta": {
                            "schema_version": "2"
                        },
                        "tainted": false
                    },
                    "deposed": [],
                    "provider": "provider.azurerm"
                },
                "azurerm_subnet.jenkins_subnet": {
                    "type": "azurerm_subnet",
                    "depends_on": [
                        "azurerm_resource_group.jenkins",
                        "azurerm_virtual_network.jenkins_network"
                    ],
                    "primary": {
                        "id": "/subscriptions/9a5069b3-65e5-439c-8d79-4a81d7d40588/resourceGroups/jenkins/providers/Microsoft.Network/virtualNetworks/jenkins_network/subnets/jenkins_subnet",
                        "attributes": {
                            "address_prefix": "10.0.1.0/24",
                            "id": "/subscriptions/9a5069b3-65e5-439c-8d79-4a81d7d40588/resourceGroups/jenkins/providers/Microsoft.Network/virtualNetworks/jenkins_network/subnets/jenkins_subnet",
                            "ip_configurations.#": "0",
                            "name": "jenkins_subnet",
                            "resource_group_name": "jenkins",
                            "route_table_id": "",
                            "service_endpoints.#": "0",
                            "virtual_network_name": "jenkins_network"
                        },
                        "meta": {},
                        "tainted": false
                    },
                    "deposed": [],
                    "provider": "provider.azurerm"
                },
                "azurerm_virtual_network.jenkins_network": {
                    "type": "azurerm_virtual_network",
                    "depends_on": [
                        "azurerm_resource_group.jenkins"
                    ],
                    "primary": {
                        "id": "/subscriptions/9a5069b3-65e5-439c-8d79-4a81d7d40588/resourceGroups/jenkins/providers/Microsoft.Network/virtualNetworks/jenkins_network",
                        "attributes": {
                            "address_space.#": "1",
                            "address_space.0": "10.0.0.0/16",
                            "dns_servers.#": "0",
                            "id": "/subscriptions/9a5069b3-65e5-439c-8d79-4a81d7d40588/resourceGroups/jenkins/providers/Microsoft.Network/virtualNetworks/jenkins_network",
                            "location": "westindia",
                            "name": "jenkins_network",
                            "resource_group_name": "jenkins",
                            "subnet.#": "0",
                            "tags.%": "1",
                            "tags.environment": "jenkins"
                        },
                        "meta": {},
                        "tainted": false
                    },
                    "deposed": [],
                    "provider": "provider.azurerm"
                },
                "random_id.randomId": {
                    "type": "random_id",
                    "depends_on": [
                        "azurerm_resource_group.jenkins"
                    ],
                    "primary": {
                        "id": "UgiDX0GokMQ",
                        "attributes": {
                            "b64": "UgiDX0GokMQ",
                            "b64_std": "UgiDX0GokMQ=",
                            "b64_url": "UgiDX0GokMQ",
                            "byte_length": "8",
                            "dec": "5911118956070473924",
                            "hex": "5208835f41a890c4",
                            "id": "UgiDX0GokMQ",
                            "keepers.%": "1",
                            "keepers.resource_group": "jenkins"
                        },
                        "meta": {},
                        "tainted": false
                    },
                    "deposed": [],
                    "provider": "provider.random"
                }
            },
            "depends_on": []
        }
    ]
}
